{
  "name": "rlm",
  "version": "0.1.0",
  "lockfileVersion": 3,
  "requires": true,
  "packages": {
    "": {
      "name": "rlm",
      "version": "0.1.0",
      "license": "MIT",
      "workspaces": [
        "packages/rlm-*"
      ],
      "dependencies": {
        "@deepseek-ai/cordis": "^4.0.1",
        "@deepseek-ai/cordis-plugin-hmr": "^1.0.16",
        "@deepseek-ai/cordis-plugin-include": "^1.0.6",
        "@deepseek-ai/cordis-plugin-loader": "^1.0.2",
        "@deepseek-ai/cordis-plugin-timer": "^1.1.3",
        "yaml": "^2.5.0"
      },
      "bin": {
        "rlm": "cordis-shell.mjs"
      },
      "engines": {
        "node": ">=22.8.0"
      }
    },
    "node_modules/@babel/code-frame": {
      "version": "7.29.7",
      "resolved": "https://registry.npmjs.org/@babel/code-frame/-/code-frame-7.29.7.tgz",
      "integrity": "sha512-Aup7aUOfpbAUg2ROOJN6Iw5f9DMBlzu0mIkm/malLQFN/YQgO48wCj0Kxa3sEHJvPVFg7siR+qRInwXd2qhQKw==",
      "license": "MIT",
      "dependencies": {
        "@babel/helper-validator-identifier": "^7.29.7",
        "js-tokens": "^4.0.0",
        "picocolors": "^1.1.1"
      },
      "engines": {
        "node": ">=6.9.0"
      }
    },
    "node_modules/@babel/helper-validator-identifier": {
      "version": "7.29.7",
      "resolved": "https://registry.npmjs.org/@babel/helper-validator-identifier/-/helper-validator-identifier-7.29.7.tgz",
      "integrity": "sha512-qehxGkRj55h/ff8EMaJ+cYhyaKlHIxqYDn682wQD7RNp9UujOQsHog2uS0r2vzr4pW+sXf90NeeayjcNaX3fFg==",
      "license": "MIT",
      "engines": {
        "node": ">=6.9.0"
      }
    },
    "node_modules/@deepseek-ai/cordis": {
      "version": "4.0.1",
      "resolved": "https://registry.npmjs.org/@deepseek-ai/cordis/-/cordis-4.0.1.tgz",
      "integrity": "sha512-YBdskTU2Po1kru3GgcUWUbkTsPMA9LkSQDAY8rBkFJeajdgcQad3QPJZE26JyK99Xb6HaASvoXg2DSUTeN/0Nw==",
      "license": "MIT",
      "dependencies": {
        "@deepseek-ai/cosmokit": "^1.8.2",
        "@standard-schema/spec": "^1.1.0"
      },
      "bin": {
        "cordis": "bin.js"
      },
      "peerDependencies": {
        "@deepseek-ai/cordis-plugin-include": "^1.0.6",
        "@deepseek-ai/cordis-plugin-loader": "^1.0.2"
      },
      "peerDependenciesMeta": {
        "@deepseek-ai/cordis-plugin-include": {
          "optional": true
        },
        "@deepseek-ai/cordis-plugin-loader": {
          "optional": true
        }
      }
    },
    "node_modules/@deepseek-ai/cordis-plugin-hmr": {
      "version": "1.0.16",
      "resolved": "https://registry.npmjs.org/@deepseek-ai/cordis-plugin-hmr/-/cordis-plugin-hmr-1.0.16.tgz",
      "integrity": "sha512-S7VHfylDg1+Y5O6fdYYZu0KFRAj/snHywcFPnX3KmQYa/qv2Q8IXi4zAt9ABq0BJYqhNoqRlbpGMfIjabgXjKA==",
      "license": "MIT",
      "dependencies": {
        "@babel/code-frame": "^7.29.0",
        "@deepseek-ai/cosmokit": "^1.8.2",
        "@deepseek-ai/schemastery": "^3.18.1",
        "chokidar": "^4.0.3",
        "picomatch": "^4.0.3"
      },
      "peerDependencies": {
        "@deepseek-ai/cordis": "^4.0.1",
        "@deepseek-ai/cordis-plugin-timer": "^1.1.3"
      }
    },
    "node_modules/@deepseek-ai/cordis-plugin-include": {
      "version": "1.0.6",
      "resolved": "https://registry.npmjs.org/@deepseek-ai/cordis-plugin-include/-/cordis-plugin-include-1.0.6.tgz",
      "integrity": "sha512-i1VXrZCbv6tk/iUgedCNjrxxArbWT3IvRZGB5sdqJ3ectnihivXXQbRZ8JJ73DSmAPvlMGmrbtjFAfm10yvXRg==",
      "license": "MIT",
      "dependencies": {
        "@deepseek-ai/cosmokit": "^1.8.2",
        "js-yaml": "^4.1.0"
      },
      "peerDependencies": {
        "@deepseek-ai/cordis": "^4.0.1",
        "@deepseek-ai/cordis-plugin-loader": "^1.0.2"
      }
    },
    "node_modules/@deepseek-ai/cordis-plugin-loader": {
      "version": "1.0.2",
      "resolved": "https://registry.npmjs.org/@deepseek-ai/cordis-plugin-loader/-/cordis-plugin-loader-1.0.2.tgz",
      "integrity": "sha512-RIW9hoVyhYDWdCI9BsvtZccPde1ECLC4OAxupwowGTak78vwVTVdb3HezTSOK1Y1/Ax3Ru0LA1pYOB04CnTxIQ==",
      "license": "MIT",
      "dependencies": {
        "@deepseek-ai/cosmokit": "^1.8.2"
      },
      "peerDependencies": {
        "@deepseek-ai/cordis": "^4.0.1",
        "node-addon-require-builtin": "^0.1.4"
      },
      "peerDependenciesMeta": {
        "node-addon-require-builtin": {
          "optional": true
        }
      }
    },
    "node_modules/@deepseek-ai/cordis-plugin-timer": {
      "version": "1.1.3",
      "resolved": "https://registry.npmjs.org/@deepseek-ai/cordis-plugin-timer/-/cordis-plugin-timer-1.1.3.tgz",
      "integrity": "sha512-IOkey1VNmJwYa5U8bksyMOnM7mtirqjjbWLr3xA8QybLMK0sMooG3a6iJwtvd8P3MFwo3FQibEg+JPixp37MEw==",
      "license": "MIT",
      "dependencies": {
        "@deepseek-ai/cosmokit": "^1.8.2"
      },
      "peerDependencies": {
        "@deepseek-ai/cordis": "^4.0.1"
      }
    },
    "node_modules/@deepseek-ai/cosmokit": {
      "version": "1.8.2",
      "resolved": "https://registry.npmjs.org/@deepseek-ai/cosmokit/-/cosmokit-1.8.2.tgz",
      "integrity": "sha512-muBOKtSrUKU5m/xpq8ZXWL6hQ/jgd4PhU2PqH97bcxIiLEJfNwZOGQEx4t/aS/GgxRAR+ra9pMHPMtTHU4sqqA==",
      "license": "MIT"
    },
    "node_modules/@deepseek-ai/schemastery": {
      "version": "3.18.1",
      "resolved": "https://registry.npmjs.org/@deepseek-ai/schemastery/-/schemastery-3.18.1.tgz",
      "integrity": "sha512-Qn0FCSwCQnpnj6SB31I6i2sIKgKWnkbJM8O0EU91Gv2UsYVvtZTl6IA0sCwk2e2MZf5S8w5hpq9QkeVvK9qwxg==",
      "license": "MIT",
      "dependencies": {
        "@deepseek-ai/cosmokit": "^1.8.2",
        "@standard-schema/spec": "^1.1.0"
      }
    },
    "node_modules/@rlm/agent": {
      "resolved": "packages/rlm-agent",
      "link": true
    },
    "node_modules/@rlm/boot": {
      "resolved": "packages/rlm-boot",
      "link": true
    },
    "node_modules/@rlm/extensions": {
      "resolved": "packages/rlm-extensions",
      "link": true
    },
    "node_modules/@rlm/kernel": {
      "resolved": "packages/rlm-kernel",
      "link": true
    },
    "node_modules/@rlm/llm": {
      "resolved": "packages/rlm-llm",
      "link": true
    },
    "node_modules/@rlm/memory": {
      "resolved": "packages/rlm-memory",
      "link": true
    },
    "node_modules/@rlm/refinement": {
      "resolved": "packages/rlm-refinement",
      "link": true
    },
    "node_modules/@rlm/reflect": {
      "resolved": "packages/rlm-reflect",
      "link": true
    },
    "node_modules/@rlm/session": {
      "resolved": "packages/rlm-session",
      "link": true
    },
    "node_modules/@rlm/skills": {
      "resolved": "packages/rlm-skills",
      "link": true
    },
    "node_modules/@rlm/subagent": {
      "resolved": "packages/rlm-subagent",
      "link": true
    },
    "node_modules/@rlm/tui": {
      "resolved": "packages/rlm-tui",
      "link": true
    },
    "node_modules/@rlm/wound": {
      "resolved": "packages/rlm-wound",
      "link": true
    },
    "node_modules/@standard-schema/spec": {
      "version": "1.1.0",
      "resolved": "https://registry.npmjs.org/@standard-schema/spec/-/spec-1.1.0.tgz",
      "integrity": "sha512-l2aFy5jALhniG5HgqrD6jXLi/rUWrKvqN/qJx6yoJsgKhblVd+iqqU4RCXavm/jPityDo5TCvKMnpjKnOriy0w==",
      "license": "MIT"
    },
    "node_modules/argparse": {
      "version": "2.0.1",
      "resolved": "https://registry.npmjs.org/argparse/-/argparse-2.0.1.tgz",
      "integrity": "sha512-8+9WqebbFzpX9OR+Wa6O29asIogeRMzcGtAINdpMHHyAg10f05aSFVBbcEqGf/PXw1EjAZ+q2/bEBg3DvurK3Q==",
      "license": "Python-2.0"
    },
    "node_modules/chokidar": {
      "version": "4.0.3",
      "resolved": "https://registry.npmjs.org/chokidar/-/chokidar-4.0.3.tgz",
      "integrity": "sha512-Qgzu8kfBvo+cA4962jnP1KkS6Dop5NS6g7R5LFYJr4b8Ub94PPQXUksCw9PvXoeXPRRddRNC5C1JQUR2SMGtnA==",
      "license": "MIT",
      "dependencies": {
        "readdirp": "^4.0.1"
      },
      "engines": {
        "node": ">= 14.16.0"
      },
      "funding": {
        "url": "https://paulmillr.com/funding/"
      }
    },
    "node_modules/js-tokens": {
      "version": "4.0.0",
      "resolved": "https://registry.npmjs.org/js-tokens/-/js-tokens-4.0.0.tgz",
      "integrity": "sha512-RdJUflcE3cUzKiMqQgsCu06FPu9UdIJO0beYbPhHN4k6apgJtifcoCtT9bcxOpYBtpD2kCM6Sbzg4CausW/PKQ==",
      "license": "MIT"
    },
    "node_modules/js-yaml": {
      "version": "4.3.1",
      "resolved": "https://registry.npmjs.org/js-yaml/-/js-yaml-4.3.1.tgz",
      "integrity": "sha512-CY6crGq313MX8GkwvB7tzgp99vjQxY1++5y10/BKN/GUfHqWaOGQMNZkBvqSzsZKWk/ijwHlWzzkLulsGHhjWQ==",
      "funding": [
        {
          "type": "github",
          "url": "https://github.com/sponsors/puzrin"
        },
        {
          "type": "github",
          "url": "https://github.com/sponsors/nodeca"
        }
      ],
      "license": "MIT",
      "dependencies": {
        "argparse": "^2.0.1"
      },
      "bin": {
        "js-yaml": "bin/js-yaml.js"
      }
    },
    "node_modules/picocolors": {
      "version": "1.1.1",
      "resolved": "https://registry.npmjs.org/picocolors/-/picocolors-1.1.1.tgz",
      "integrity": "sha512-xceH2snhtb5M9liqDsmEw56le376mTZkEX/jEb/RxNFyegNul7eNslCXP9FDj/Lcu0X8KEyMceP2ntpaHrDEVA==",
      "license": "ISC"
    },
    "node_modules/picomatch": {
      "version": "4.0.5",
      "resolved": "https://registry.npmjs.org/picomatch/-/picomatch-4.0.5.tgz",
      "integrity": "sha512-RvwwcruNjI1ncT5xRakeyS9Lf8lcItv34KD+aif+VH9kduAyfYBipGh12274xtenIPZ119/R9BdTBa8gAwSh0A==",
      "license": "MIT",
      "engines": {
        "node": ">=12"
      },
      "funding": {
        "url": "https://github.com/sponsors/jonschlinkert"
      }
    },
    "node_modules/readdirp": {
      "version": "4.1.2",
      "resolved": "https://registry.npmjs.org/readdirp/-/readdirp-4.1.2.tgz",
      "integrity": "sha512-GDhwkLfywWL2s6vEjyhri+eXmfH6j1L7JE27WhqLeYzoh/A3DBaYGEj2H/HFZCn/kMfim73FXxEJTw06WtxQwg==",
      "license": "MIT",
      "engines": {
        "node": ">= 14.18.0"
      },
      "funding": {
        "type": "individual",
        "url": "https://paulmillr.com/funding/"
      }
    },
    "node_modules/yaml": {
      "version": "2.9.0",
      "resolved": "https://registry.npmjs.org/yaml/-/yaml-2.9.0.tgz",
      "integrity": "sha512-2AvhNX3mb8zd6Zy7INTtSpl1F15HW6Wnqj0srWlkKLcpYl/gMIMJiyuGq2KeI2YFxUPjdlB+3Lc10seMLtL4cA==",
      "license": "ISC",
      "bin": {
        "yaml": "bin.mjs"
      },
      "engines": {
        "node": ">= 14.6"
      },
      "funding": {
        "url": "https://github.com/sponsors/eemeli"
      }
    },
    "packages/rlm-agent": {
      "name": "@rlm/agent",
      "version": "0.1.0",
      "dependencies": {
        "@deepseek-ai/cordis": "^4.0.1",
        "@rlm/llm": "^0.1.0"
      }
    },
    "packages/rlm-boot": {
      "name": "@rlm/boot",
      "version": "0.8.0",
      "dependencies": {
        "@deepseek-ai/cordis": "^4.0.1",
        "@deepseek-ai/cordis-plugin-hmr": "^1.0.16",
        "@deepseek-ai/cordis-plugin-include": "^1.0.6",
        "@deepseek-ai/cordis-plugin-loader": "^1.0.2",
        "@deepseek-ai/cordis-plugin-timer": "^1.1.3"
      }
    },
    "packages/rlm-extensions": {
      "name": "@rlm/extensions",
      "version": "0.8.0",
      "dependencies": {
        "@deepseek-ai/cordis": "^4.0.1"
      }
    },
    "packages/rlm-kernel": {
      "name": "@rlm/kernel",
      "version": "0.8.0",
      "dependencies": {
        "@deepseek-ai/cordis": "^4.0.1"
      }
    },
    "packages/rlm-llm": {
      "name": "@rlm/llm",
      "version": "0.1.0",
      "dependencies": {
        "@deepseek-ai/cordis": "^4.0.1"
      }
    },
    "packages/rlm-memory": {
      "name": "@rlm/memory",
      "version": "0.8.0",
      "dependencies": {
        "@deepseek-ai/cordis": "^4.0.1"
      }
    },
    "packages/rlm-refinement": {
      "name": "@rlm/refinement",
      "version": "0.8.0",
      "dependencies": {
        "@deepseek-ai/cordis": "^4.0.1"
      }
    },
    "packages/rlm-reflect": {
      "name": "@rlm/reflect",
      "version": "0.8.0",
      "dependencies": {
        "@deepseek-ai/cordis": "^4.0.1"
      }
    },
    "packages/rlm-session": {
      "name": "@rlm/session",
      "version": "0.8.0",
      "dependencies": {
        "@deepseek-ai/cordis": "^4.0.1"
      }
    },
    "packages/rlm-skills": {
      "name": "@rlm/skills",
      "version": "0.8.0",
      "dependencies": {
        "@deepseek-ai/cordis": "^4.0.1"
      }
    },
    "packages/rlm-subagent": {
      "name": "@rlm/subagent",
      "version": "0.1.0",
      "dependencies": {
        "@deepseek-ai/cordis": "^4.0.1",
        "@rlm/agent": "^0.1.0",
        "@rlm/llm": "^0.1.0"
      }
    },
    "packages/rlm-tui": {
      "name": "@rlm/tui",
      "version": "0.1.0",
      "dependencies": {
        "@deepseek-ai/cordis": "^4.0.1",
        "@rlm/agent": "^0.1.0",
        "@rlm/llm": "^0.1.0"
      }
    },
    "packages/rlm-wound": {
      "name": "@rlm/wound",
      "version": "0.8.0",
      "dependencies": {
        "@deepseek-ai/cordis": "^4.0.1"
      }
    }
  }
}
